Microsoft Visual Studio Solution File, Format Version 12.00
# Visual Studio 15
VisualStudioVersion = 15.0.27004.2008
MinimumVisualStudioVersion = 15.0.26124.0
Project("{9A19103F-16F7-4668-BE54-9A1E7A4F7556}") = "Webapi.Core.Template", "webapi.core.template\Webapi.Core.Template.csproj", "{F1BF9C3A-A3A7-4AD5-AD5E-6EDDB26B14B5}"
EndProject
Global
	GlobalSection(SolutionConfigurationPlatforms) = preSolution
		Debug|Any CPU = Debug|Any CPU
		Release|Any CPU = Release|Any CPU
	EndGlobalSection
	GlobalSection(ProjectConfigurationPlatforms) = postSolution
		{F1BF9C3A-A3A7-4AD5-AD5E-6EDDB26B14B5}.Debug|Any CPU.ActiveCfg = Debug|Any CPU
		{F1BF9C3A-A3A7-4AD5-AD5E-6EDDB26B14B5}.Debug|Any CPU.Build.0 = Debug|Any CPU
		{F1BF9C3A-A3A7-4AD5-AD5E-6EDDB26B14B5}.Release|Any CPU.ActiveCfg = Release|Any CPU
		{F1BF9C3A-A3A7-4AD5-AD5E-6EDDB26B14B5}.Release|Any CPU.Build.0 = Release|Any CPU
	EndGlobalSection
	GlobalSection(SolutionProperties) = preSolution
		HideSolutionNode = FALSE
	EndGlobalSection
	GlobalSection(ExtensibilityGlobals) = postSolution
		SolutionGuid = {B86A26AD-B258-418D-AE03-AF5DECC5DAD0}
	EndGlobalSection
EndGlobal
